
Microsoft Visual Studio Solution File, Format Version 12.00
# Visual Studio Version 17
VisualStudioVersion = 17.8.34309.116
MinimumVisualStudioVersion = 10.0.40219.1
Project("{FAE04EC0-301F-11D3-BF4B-00C04F79EFBC}") = "T_RexRunning", "T_RexRunning\T_RexRunning.csproj", "{2AE2F2C3-83AB-49D4-BB44-256518743E0E}"
EndProject
Global
	GlobalSection(SolutionConfigurationPlatforms) = preSolution
		Debug|Any CPU = Debug|Any CPU
		Release|Any CPU = Release|Any CPU
	EndGlobalSection
	GlobalSection(ProjectConfigurationPlatforms) = postSolution
		{2AE2F2C3-83AB-49D4-BB44-256518743E0E}.Debug|Any CPU.ActiveCfg = Debug|Any CPU
		{2AE2F2C3-83AB-49D4-BB44-256518743E0E}.Debug|Any CPU.Build.0 = Debug|Any CPU
		{2AE2F2C3-83AB-49D4-BB44-256518743E0E}.Release|Any CPU.ActiveCfg = Release|Any CPU
		{2AE2F2C3-83AB-49D4-BB44-256518743E0E}.Release|Any CPU.Build.0 = Release|Any CPU
	EndGlobalSection
	GlobalSection(SolutionProperties) = preSolution
		HideSolutionNode = FALSE
	EndGlobalSection
	GlobalSection(ExtensibilityGlobals) = postSolution
		SolutionGuid = {BCE24167-B512-4982-A76C-3EF61D3D0FCC}
	EndGlobalSection
EndGlobal
